
Microsoft Visual Studio Solution File, Format Version 12.00
# Visual Studio 14
VisualStudioVersion = 14.0.25420.1
MinimumVisualStudioVersion = 10.0.40219.1
Project("{8BC9CEB8-8B4A-11D0-8D11-00A0C91BC942}") = "Engine Yuh", "Engine Yuh\Engine Yuh.vcxproj", "{33CC7381-2DE5-4375-B6EC-C807BE0C8CEC}"
EndProject
Project("{8BC9CEB8-8B4A-11D0-8D11-00A0C91BC942}") = "Math", "Math\Math.vcxproj", "{DCDBAAD1-A9BA-42D3-B9A9-EA2F643E16AF}"
EndProject
Project("{8BC9CEB8-8B4A-11D0-8D11-00A0C91BC942}") = "Physical", "Physical\Physical.vcxproj", "{962114CC-7AE3-44A0-8ACF-B7E00B0FE8B5}"
EndProject
Project("{8BC9CEB8-8B4A-11D0-8D11-00A0C91BC942}") = "Graphics", "Graphics\Graphics.vcxproj", "{D1E6B16A-6D84-4819-8B75-CDAFD0953E43}"
EndProject
Project("{8BC9CEB8-8B4A-11D0-8D11-00A0C91BC942}") = "Testbed Physical", "Testbed Physical\Testbed Physical.vcxproj", "{7350B417-86B9-4F40-A795-5DA67BDAFD7F}"
EndProject
Global
	GlobalSection(SolutionConfigurationPlatforms) = preSolution
		Debug|x64 = Debug|x64
		Debug|x86 = Debug|x86
		Release|x64 = Release|x64
		Release|x86 = Release|x86
	EndGlobalSection
	GlobalSection(ProjectConfigurationPlatforms) = postSolution
		{33CC7381-2DE5-4375-B6EC-C807BE0C8CEC}.Debug|x64.ActiveCfg = Debug|x64
		{33CC7381-2DE5-4375-B6EC-C807BE0C8CEC}.Debug|x64.Build.0 = Debug|x64
		{33CC7381-2DE5-4375-B6EC-C807BE0C8CEC}.Debug|x86.ActiveCfg = Debug|Win32
		{33CC7381-2DE5-4375-B6EC-C807BE0C8CEC}.Debug|x86.Build.0 = Debug|Win32
		{33CC7381-2DE5-4375-B6EC-C807BE0C8CEC}.Release|x64.ActiveCfg = Release|x64
		{33CC7381-2DE5-4375-B6EC-C807BE0C8CEC}.Release|x64.Build.0 = Release|x64
		{33CC7381-2DE5-4375-B6EC-C807BE0C8CEC}.Release|x86.ActiveCfg = Release|Win32
		{33CC7381-2DE5-4375-B6EC-C807BE0C8CEC}.Release|x86.Build.0 = Release|Win32
		{DCDBAAD1-A9BA-42D3-B9A9-EA2F643E16AF}.Debug|x64.ActiveCfg = Debug|x64
		{DCDBAAD1-A9BA-42D3-B9A9-EA2F643E16AF}.Debug|x64.Build.0 = Debug|x64
		{DCDBAAD1-A9BA-42D3-B9A9-EA2F643E16AF}.Debug|x86.ActiveCfg = Debug|Win32
		{DCDBAAD1-A9BA-42D3-B9A9-EA2F643E16AF}.Debug|x86.Build.0 = Debug|Win32
		{DCDBAAD1-A9BA-42D3-B9A9-EA2F643E16AF}.Release|x64.ActiveCfg = Release|x64
		{DCDBAAD1-A9BA-42D3-B9A9-EA2F643E16AF}.Release|x64.Build.0 = Release|x64
		{DCDBAAD1-A9BA-42D3-B9A9-EA2F643E16AF}.Release|x86.ActiveCfg = Release|Win32
		{DCDBAAD1-A9BA-42D3-B9A9-EA2F643E16AF}.Release|x86.Build.0 = Release|Win32
		{962114CC-7AE3-44A0-8ACF-B7E00B0FE8B5}.Debug|x64.ActiveCfg = Debug|x64
		{962114CC-7AE3-44A0-8ACF-B7E00B0FE8B5}.Debug|x64.Build.0 = Debug|x64
		{962114CC-7AE3-44A0-8ACF-B7E00B0FE8B5}.Debug|x86.ActiveCfg = Debug|Win32
		{962114CC-7AE3-44A0-8ACF-B7E00B0FE8B5}.Debug|x86.Build.0 = Debug|Win32
		{962114CC-7AE3-44A0-8ACF-B7E00B0FE8B5}.Release|x64.ActiveCfg = Release|x64
		{962114CC-7AE3-44A0-8ACF-B7E00B0FE8B5}.Release|x64.Build.0 = Release|x64
		{962114CC-7AE3-44A0-8ACF-B7E00B0FE8B5}.Release|x86.ActiveCfg = Release|Win32
		{962114CC-7AE3-44A0-8ACF-B7E00B0FE8B5}.Release|x86.Build.0 = Release|Win32
		{D1E6B16A-6D84-4819-8B75-CDAFD0953E43}.Debug|x64.ActiveCfg = Debug|x64
		{D1E6B16A-6D84-4819-8B75-CDAFD0953E43}.Debug|x64.Build.0 = Debug|x64
		{D1E6B16A-6D84-4819-8B75-CDAFD0953E43}.Debug|x86.ActiveCfg = Debug|Win32
		{D1E6B16A-6D84-4819-8B75-CDAFD0953E43}.Debug|x86.Build.0 = Debug|Win32
		{D1E6B16A-6D84-4819-8B75-CDAFD0953E43}.Release|x64.ActiveCfg = Release|x64
		{D1E6B16A-6D84-4819-8B75-CDAFD0953E43}.Release|x64.Build.0 = Release|x64
		{D1E6B16A-6D84-4819-8B75-CDAFD0953E43}.Release|x86.ActiveCfg = Release|Win32
		{D1E6B16A-6D84-4819-8B75-CDAFD0953E43}.Release|x86.Build.0 = Release|Win32
		{7350B417-86B9-4F40-A795-5DA67BDAFD7F}.Debug|x64.ActiveCfg = Debug|Win32
		{7350B417-86B9-4F40-A795-5DA67BDAFD7F}.Debug|x86.ActiveCfg = Debug|Win32
		{7350B417-86B9-4F40-A795-5DA67BDAFD7F}.Debug|x86.Build.0 = Debug|Win32
		{7350B417-86B9-4F40-A795-5DA67BDAFD7F}.Release|x64.ActiveCfg = Release|Win32
		{7350B417-86B9-4F40-A795-5DA67BDAFD7F}.Release|x86.ActiveCfg = Release|Win32
		{7350B417-86B9-4F40-A795-5DA67BDAFD7F}.Release|x86.Build.0 = Release|Win32
	EndGlobalSection
	GlobalSection(SolutionProperties) = preSolution
		HideSolutionNode = FALSE
	EndGlobalSection
EndGlobal
